{
    "_meta": {
        "hash": {
            "sha256": "358409a7be8cde22908cadd3cb66dae327d97ee6e6ee963a715cd9a0ba766b3f"
        },
        "pipfile-spec": 6,
        "requires": {
            "python_version": "2.7"
        },
        "sources": [
            {
                "name": "pypi",
                "url": "https://pypi.python.org/simple",
                "verify_ssl": true
            }
        ]
    },
    "default": {
        "beautifulsoup": {
            "hashes": [
                "sha256:6a8cb4401111e011b579c8c52a51cdab970041cc543814bbd9577a4529fe1cdb"
            ],
            "index": "pypi",
            "version": "==3.2.1"
        },
        "bleach": {
            "hashes": [
                "sha256:ab6947515ac2cc2fb894e718cbab1beeb342843fd816d4c2a277599ddbefba7b"
            ],
            "index": "pypi",
            "version": "==1.4"
        },
        "certifi": {
            "hashes": [
                "sha256:046832c04d4e752f37383b628bc601a7ea7211496b4638f6514d0e5b9acc4939",
                "sha256:945e3ba63a0b9f577b1395204e13c3a231f9bc0223888be653286534e5873695"
            ],
            "version": "==2019.6.16"
        },
        "chardet": {
            "hashes": [
                "sha256:84ab92ed1c4d4f16916e05906b6b75a6c0fb5db821cc65e70cbd64a3e2a5eaae",
                "sha256:fc323ffcaeaed0e0a02bf4d117757b98aed530d9ed4531e3e15460124c106691"
            ],
            "version": "==3.0.4"
        },
        "django": {
            "hashes": [
                "sha256:989d42289663ac88169ac2abe8d50b82b29b2fe135307badf588a3d2235c1eef",
                "sha256:cf011874f54a16e7452e0fe1e7f4ec144b95b47ecf31766c9f1f8cf438f09c06"
            ],
            "index": "pypi",
            "version": "==1.6.1"
        },
        "filebrowser-safe": {
            "hashes": [
                "sha256:5cb4ff4390a3d369f8394d425df4899a6e568c943dbab551297b3412d696b240",
                "sha256:fbe5438a9322cb1cd32ae03197a2350f9a71250907f1364f04072cdbf5d5b509"
            ],
            "index": "pypi",
            "version": "==0.3.1"
        },
        "future": {
            "hashes": [
                "sha256:78d83fd71340d0f443bda0f4ee088dc1aa273154c0a2d9103fb7a1924256ac85"
            ],
            "index": "pypi",
            "version": "==0.9.0"
        },
        "google-api-python-client": {
            "hashes": [
                "sha256:bc88cae1c40446f22d58923fc5a8dbac77da29d6efbe4ae2276cc2f30f724617",
                "sha256:cb281a2d8fac201543364b0fa8ed4817254c5a44b55951da20a78ff503dfddcd"
            ],
            "index": "pypi",
            "version": "==1.1"
        },
        "grappelli-safe": {
            "hashes": [
                "sha256:9a35d919269e64a82fdbd2bdfd7dd7dbb95f2248717754565331f5d507667504",
                "sha256:a28e5ff3e6657bbc2b46480abdb364f509b5115dacfc4ec7a9061c08092c920a"
            ],
            "index": "pypi",
            "version": "==0.3.4"
        },
        "gunicorn": {
            "hashes": [
                "sha256:75af03c99389535f218cc596c7de74df4763803f7b63eb09d77e92b3956b36c6",
                "sha256:eee1169f0ca667be05db3351a0960765620dad53f53434262ff8901b68a1b622"
            ],
            "index": "pypi",
            "version": "==19.7.1"
        },
        "html5lib": {
            "hashes": [
                "sha256:c3887f7e2875d7666107fa8bee761ff95b9391acdcc7cd1b5fd57a23b5fbc49e"
            ],
            "index": "pypi",
            "version": "==0.999"
        },
        "httplib2": {
            "hashes": [
                "sha256:6901c8c0ffcf721f9ce270ad86da37bc2b4d32b8802d4a9cec38274898a64044",
                "sha256:cf6f9d5876d796539ec922a2c9b9a7cad9bfd90f04badcdc3bcfa537168052c3"
            ],
            "version": "==0.13.1"
        },
        "idna": {
            "hashes": [
                "sha256:156a6814fb5ac1fc6850fb002e0852d56c0c8d2531923a51032d1b70760e186e",
                "sha256:684a38a6f903c1d71d6d5fac066b58d7768af4de2b832e426ec79c30daa94a16"
            ],
            "version": "==2.7"
        },
        "image": {
            "hashes": [
                "sha256:8ca4e051aecfbe30a397ae9ffc6440e368bd263e3e2d7643ced3d25f23da438c"
            ],
            "index": "pypi",
            "version": "==1.2"
        },
        "markdown": {
            "hashes": [
                "sha256:0c9f37fc36f1fc3d5ec4170133f73314d3e361630bf4c3cf3a47bbf98810bdc0",
                "sha256:ffebd9385717aba00ff4e95b705b7693ddf12a7d483483d441218b6d3f4cf290"
            ],
            "index": "pypi",
            "version": "==2.3.1"
        },
        "mezzanine": {
            "hashes": [
                "sha256:72cf73f0df1d9c2df8b9640ab13bd74fbd7901a96364cb8eeb41e613fae2cec1",
                "sha256:fee6edab82c4b6babd69fc0aac388615225b4995d7c868782222eec9d75ca625"
            ],
            "index": "pypi",
            "version": "==3.0.5"
        },
        "mezzanine-pagedown": {
            "hashes": [
                "sha256:af6f467c5a1ddfe0d79361a5661ff10ac0f301973871cb15af5264178835d7a2"
            ],
            "index": "pypi",
            "version": "==0.6"
        },
        "oauthlib": {
            "hashes": [
                "sha256:90746519ea84ae3f7c632ede04a8a049ce863eb81df02054a0c63aa3f3da9f50"
            ],
            "index": "pypi",
            "version": "==0.6.0"
        },
        "pillow": {
            "hashes": [
                "sha256:0abe1e26449a6ed35231c1dea50e8b267a1d29b2ea390e9d366979dd804c62f9",
                "sha256:312e135137020ee8f265e3535b66cbf65a8d20594674a5f345ef1b5b2a26a982",
                "sha256:4ede19c5302b2d531b6c2b4e66d641530f2db964a7103f0e886d509f4eae1d1a",
                "sha256:997052d4a6b56ea4f3dad07a55342e869a993101d6f65d5c600836120d0c3bf8",
                "sha256:a80c5afdf48e761c6bfd3eab6dce9501338b834f83d3cfd9bae2cd1fe93c70f8",
                "sha256:b38e7e32401ae2d949cb4b82c6388cd13e697d1e2f8a1bffce3b834d00fbca13",
                "sha256:b6498f9b8c0735765d83f4da21ab0b538e509c82d8266ef7ad53ac06fa33dc2f",
                "sha256:c709ed33fefa46ba37e6350f2fb17230256744b3b7222668ec1da0e8f4d8c705",
                "sha256:c99dc21acd143451244a69f773416c91856a26d9ee02e45c48da445858ea829c",
                "sha256:dd8b53cf5b434613f2dfe66efeb76a3ad73e5b6f4df5aa4c3ff7c6f7d7e3833c",
                "sha256:e04a17f11c7ea47de2d073874cb164cb50fb76db2516cde17fa4e9042aba7d6e"
            ],
            "index": "pypi",
            "version": "==2.3.0"
        },
        "python-gflags": {
            "hashes": [
                "sha256:40ae131e899ef68e9e14aa53ca063839c34f6a168afe622217b5b875492a1ee2"
            ],
            "version": "==3.1.2"
        },
        "python-ldap": {
            "hashes": [
                "sha256:cd2bf964e298a56effeaeb4758c18150c233c6e22b8bdb622cb220a25b53e21d"
            ],
            "index": "pypi",
            "version": "==2.4.14"
        },
        "pytz": {
            "hashes": [
                "sha256:079dfb38a30493a40c7f3c9058867aa6266c2cde8fb087672b6322aa7e517e7e",
                "sha256:4252226fa20e0715d4dcd05f9233f0076c44bca30e4f1793b2fe03cdfb422ed4",
                "sha256:c43945b6eeeedc01a99d9e59d68eb66c35b908fcfec768c4f888148e4fe670c4"
            ],
            "index": "pypi",
            "version": "==2013.9"
        },
        "requests": {
            "hashes": [
                "sha256:99dcfdaaeb17caf6e526f32b6a7b780461512ab3f1d992187801694cba42770c",
                "sha256:a84b8c9ab6239b578f22d1c21d51b696dcfe004032bb80ea832398d6909d7279"
            ],
            "index": "pypi",
            "version": "==2.20.0"
        },
        "requests-oauthlib": {
            "hashes": [
                "sha256:c9f7ba22900114118747901e3b7835f4b67abbec537cb9d87f7bb5d31ff78d48"
            ],
            "index": "pypi",
            "version": "==0.4.0"
        },
        "six": {
            "hashes": [
                "sha256:3350809f0555b11f552448330d0b52d5f24c91a322ea4a15ef22629740f3761c",
                "sha256:d16a0141ec1a18405cd4ce8b4613101da75da0e9a7aec5bdd4fa804d0e0eba73"
            ],
            "version": "==1.12.0"
        },
        "south": {
            "hashes": [
                "sha256:d360bd31898f9df59f6faa786551065bba45b35e7ee3c39b381b4fbfef7392f4"
            ],
            "index": "pypi",
            "version": "==1.0.2"
        },
        "stripe": {
            "hashes": [
                "sha256:2ec19bf8ad588ec04b36c35f359196fa1991f9ad911b1686ac2a12651a154947",
                "sha256:d895204135102ff63ad26cdbb315180fdec3f01c44fe964533f022f2719c35b2"
            ],
            "index": "pypi",
            "version": "==1.79.1"
        },
        "urllib3": {
            "hashes": [
                "sha256:2393a695cd12afedd0dcb26fe5d50d0cf248e5a66f75dbd89a3d4eb333a61af4",
                "sha256:a637e5fae88995b256e3409dc4d52c2e2e0ba32c42a6365fee8bbd2238de3cfb"
            ],
            "version": "==1.24.3"
        },
        "wsgiref": {
            "hashes": [
                "sha256:c7e610c800957046c04c8014aab8cce8f0b9f0495c8cd349e57c1f7cabf40e79"
            ],
            "index": "pypi",
            "version": "==0.1.2"
        }
    },
    "develop": {}
}
